// !$*UTF8*$!
{
	archiveVersion = 1;
	classes = {
	};
	objectVersion = 77;
	objects = {

/* Begin PBXBuildFile section */
		1429F8E62E81609B00E153A9 /* HapticsHelper.swift in Sources */ = {isa = PBXBuildFile; fileRef = 1471011B2E815EF700090ACB /* HapticsHelper.swift */; };
		1429F8E92E8164CA00E153A9 /* StepCounterView.swift in Sources */ = {isa = PBXBuildFile; fileRef = 1429F8E82E8164CA00E153A9 /* StepCounterView.swift */; };
		1429F8EA2E8164CA00E153A9 /* StepCounterView.swift in Sources */ = {isa = PBXBuildFile; fileRef = 1429F8E82E8164CA00E153A9 /* StepCounterView.swift */; };
		1429F8ED2E8164DF00E153A9 /* DailyGoalView.swift in Sources */ = {isa = PBXBuildFile; fileRef = 1429F8EC2E8164DF00E153A9 /* DailyGoalView.swift */; };
		1429F8EE2E8164DF00E153A9 /* DailyGoalView.swift in Sources */ = {isa = PBXBuildFile; fileRef = 1429F8EC2E8164DF00E153A9 /* DailyGoalView.swift */; };
		1429F8F32E8172E500E153A9 /* GoalsSectionView.swift in Sources */ = {isa = PBXBuildFile; fileRef = 1429F8F22E8172E500E153A9 /* GoalsSectionView.swift */; };
		1429F8F42E8172E500E153A9 /* GoalsSectionView.swift in Sources */ = {isa = PBXBuildFile; fileRef = 1429F8F22E8172E500E153A9 /* GoalsSectionView.swift */; };
		1429F8F62E8172E600E153A9 /* InformationSectionView.swift in Sources */ = {isa = PBXBuildFile; fileRef = 1429F8F52E8172E600E153A9 /* InformationSectionView.swift */; };
		1429F8F72E8172E600E153A9 /* InformationSectionView.swift in Sources */ = {isa = PBXBuildFile; fileRef = 1429F8F52E8172E600E153A9 /* InformationSectionView.swift */; };
		1429F8F92E8172E800E153A9 /* PrivacySectionView.swift in Sources */ = {isa = PBXBuildFile; fileRef = 1429F8F82E8172E800E153A9 /* PrivacySectionView.swift */; };
		1429F8FA2E8172E800E153A9 /* PrivacySectionView.swift in Sources */ = {isa = PBXBuildFile; fileRef = 1429F8F82E8172E800E153A9 /* PrivacySectionView.swift */; };
		1429F8FC2E8172E900E153A9 /* AboutSectionView.swift in Sources */ = {isa = PBXBuildFile; fileRef = 1429F8FB2E8172E900E153A9 /* AboutSectionView.swift */; };
		1429F8FD2E8172E900E153A9 /* AboutSectionView.swift in Sources */ = {isa = PBXBuildFile; fileRef = 1429F8FB2E8172E900E153A9 /* AboutSectionView.swift */; };
		1429F8FF2E8173CD00E153A9 /* HapticsHelper.swift in Sources */ = {isa = PBXBuildFile; fileRef = 1471011B2E815EF700090ACB /* HapticsHelper.swift */; };
		147101192E815D3200090ACB /* Localized.swift in Sources */ = {isa = PBXBuildFile; fileRef = 147101182E815D3200090ACB /* Localized.swift */; };
		1471011A2E815D3200090ACB /* Localized.swift in Sources */ = {isa = PBXBuildFile; fileRef = 147101182E815D3200090ACB /* Localized.swift */; };
		1481943F2E6705B700F86D28 /* StatsCalculatorTests.swift in Sources */ = {isa = PBXBuildFile; fileRef = 1481943A2E6705B700F86D28 /* StatsCalculatorTests.swift */; };
		148194402E6705B700F86D28 /* StepModelFetchTodayTests.swift in Sources */ = {isa = PBXBuildFile; fileRef = 1481943B2E6705B700F86D28 /* StepModelFetchTodayTests.swift */; };
		148194412E6705B700F86D28 /* StepModelProgressTests.swift in Sources */ = {isa = PBXBuildFile; fileRef = 1481943C2E6705B700F86D28 /* StepModelProgressTests.swift */; };
		148194422E6705B700F86D28 /* StepModelWeeklyLoadTests.swift in Sources */ = {isa = PBXBuildFile; fileRef = 1481943D2E6705B700F86D28 /* StepModelWeeklyLoadTests.swift */; };
		148194442E6705D400F86D28 /* StepDataProvider.swift in Sources */ = {isa = PBXBuildFile; fileRef = 148194432E6705D400F86D28 /* StepDataProvider.swift */; };
		148194452E6706F100F86D28 /* StepDataProvider.swift in Sources */ = {isa = PBXBuildFile; fileRef = 148194432E6705D400F86D28 /* StepDataProvider.swift */; };
		1493B4C32E6700F200448945 /* Preview Assets.xcassets in Resources */ = {isa = PBXBuildFile; fileRef = 1493B4B62E6700F200448945 /* Preview Assets.xcassets */; };
		1493B4C42E6700F200448945 /* Assets.xcassets in Resources */ = {isa = PBXBuildFile; fileRef = 1493B4BD2E6700F200448945 /* Assets.xcassets */; };
		1493B4C62E6700F200448945 /* Localizable.xcstrings in Resources */ = {isa = PBXBuildFile; fileRef = 1493B4BF2E6700F200448945 /* Localizable.xcstrings */; };
		1493B4C72E6700F200448945 /* NotificationManager.swift in Sources */ = {isa = PBXBuildFile; fileRef = 1493B4B22E6700F200448945 /* NotificationManager.swift */; };
		1493B4C82E6700F200448945 /* StatsCalculator.swift in Sources */ = {isa = PBXBuildFile; fileRef = 1493B4B32E6700F200448945 /* StatsCalculator.swift */; };
		1493B4C92E6700F200448945 /* StepModel.swift in Sources */ = {isa = PBXBuildFile; fileRef = 1493B4B42E6700F200448945 /* StepModel.swift */; };
		1493B4CA2E6700F200448945 /* ContentView.swift in Sources */ = {isa = PBXBuildFile; fileRef = 1493B4B82E6700F200448945 /* ContentView.swift */; };
		1493B4CB2E6700F200448945 /* MainView.swift in Sources */ = {isa = PBXBuildFile; fileRef = 1493B4B92E6700F200448945 /* MainView.swift */; };
		1493B4CC2E6700F200448945 /* SettingsView.swift in Sources */ = {isa = PBXBuildFile; fileRef = 1493B4BA2E6700F200448945 /* SettingsView.swift */; };
		1493B4CD2E6700F200448945 /* StatsView.swift in Sources */ = {isa = PBXBuildFile; fileRef = 1493B4BB2E6700F200448945 /* StatsView.swift */; };
		1493B4CE2E6700F200448945 /* StepsTrackerApp.swift in Sources */ = {isa = PBXBuildFile; fileRef = 1493B4C12E6700F200448945 /* StepsTrackerApp.swift */; };
		14DE8FF32E69BA030089F9C8 /* Color+Extension.swift in Sources */ = {isa = PBXBuildFile; fileRef = 14DE8FF22E69B9FF0089F9C8 /* Color+Extension.swift */; };
		14DE8FF42E69BA030089F9C8 /* Color+Extension.swift in Sources */ = {isa = PBXBuildFile; fileRef = 14DE8FF22E69B9FF0089F9C8 /* Color+Extension.swift */; };
		14E4B7342E670A5D001929E8 /* StepModel.swift in Sources */ = {isa = PBXBuildFile; fileRef = 1493B4B42E6700F200448945 /* StepModel.swift */; };
		14E4B7352E670AEF001929E8 /* NotificationManager.swift in Sources */ = {isa = PBXBuildFile; fileRef = 1493B4B22E6700F200448945 /* NotificationManager.swift */; };
		14E4B7362E670B05001929E8 /* StepsTrackerApp.swift in Sources */ = {isa = PBXBuildFile; fileRef = 1493B4C12E6700F200448945 /* StepsTrackerApp.swift */; };
		14E4B7372E670B17001929E8 /* ContentView.swift in Sources */ = {isa = PBXBuildFile; fileRef = 1493B4B82E6700F200448945 /* ContentView.swift */; };
		14E4B7382E670B26001929E8 /* StatsCalculator.swift in Sources */ = {isa = PBXBuildFile; fileRef = 1493B4B32E6700F200448945 /* StatsCalculator.swift */; };
		14E4B7392E670B31001929E8 /* MainView.swift in Sources */ = {isa = PBXBuildFile; fileRef = 1493B4B92E6700F200448945 /* MainView.swift */; };
		14E4B73A2E670B36001929E8 /* SettingsView.swift in Sources */ = {isa = PBXBuildFile; fileRef = 1493B4BA2E6700F200448945 /* SettingsView.swift */; };
		14E4B73B2E670B3B001929E8 /* StatsView.swift in Sources */ = {isa = PBXBuildFile; fileRef = 1493B4BB2E6700F200448945 /* StatsView.swift */; };
		14E744852E8159B300D2EAA7 /* InteractiveChart.swift in Sources */ = {isa = PBXBuildFile; fileRef = 14E744812E8159B300D2EAA7 /* InteractiveChart.swift */; };
		14E744862E8159B300D2EAA7 /* StatsSummary.swift in Sources */ = {isa = PBXBuildFile; fileRef = 14E744832E8159B300D2EAA7 /* StatsSummary.swift */; };
		14E744872E8159B300D2EAA7 /* SelectionCard.swift in Sources */ = {isa = PBXBuildFile; fileRef = 14E744822E8159B300D2EAA7 /* SelectionCard.swift */; };
		14E744882E8159B300D2EAA7 /* DateFormatter+Extensions.swift in Sources */ = {isa = PBXBuildFile; fileRef = 14E744802E8159B300D2EAA7 /* DateFormatter+Extensions.swift */; };
		14E744892E8159B300D2EAA7 /* InteractiveChart.swift in Sources */ = {isa = PBXBuildFile; fileRef = 14E744812E8159B300D2EAA7 /* InteractiveChart.swift */; };
		14E7448A2E8159B300D2EAA7 /* StatsSummary.swift in Sources */ = {isa = PBXBuildFile; fileRef = 14E744832E8159B300D2EAA7 /* StatsSummary.swift */; };
		14E7448B2E8159B300D2EAA7 /* SelectionCard.swift in Sources */ = {isa = PBXBuildFile; fileRef = 14E744822E8159B300D2EAA7 /* SelectionCard.swift */; };
		14E7448C2E8159B300D2EAA7 /* DateFormatter+Extensions.swift in Sources */ = {isa = PBXBuildFile; fileRef = 14E744802E8159B300D2EAA7 /* DateFormatter+Extensions.swift */; };
/* End PBXBuildFile section */

/* Begin PBXContainerItemProxy section */
		1493B4EB2E67014100448945 /* PBXContainerItemProxy */ = {
			isa = PBXContainerItemProxy;
			containerPortal = 14BBE5A62DD6348C006E84A8 /* Project object */;
			proxyType = 1;
			remoteGlobalIDString = 14BBE5AD2DD6348C006E84A8;
			remoteInfo = StepsTracker;
		};
/* End PBXContainerItemProxy section */

/* Begin PBXFileReference section */
		1429F8E82E8164CA00E153A9 /* StepCounterView.swift */ = {isa = PBXFileReference; lastKnownFileType = sourcecode.swift; path = StepCounterView.swift; sourceTree = "<group>"; };
		1429F8EC2E8164DF00E153A9 /* DailyGoalView.swift */ = {isa = PBXFileReference; lastKnownFileType = sourcecode.swift; path = DailyGoalView.swift; sourceTree = "<group>"; };
		1429F8F22E8172E500E153A9 /* GoalsSectionView.swift */ = {isa = PBXFileReference; lastKnownFileType = sourcecode.swift; path = GoalsSectionView.swift; sourceTree = "<group>"; };
		1429F8F52E8172E600E153A9 /* InformationSectionView.swift */ = {isa = PBXFileReference; lastKnownFileType = sourcecode.swift; path = InformationSectionView.swift; sourceTree = "<group>"; };
		1429F8F82E8172E800E153A9 /* PrivacySectionView.swift */ = {isa = PBXFileReference; lastKnownFileType = sourcecode.swift; path = PrivacySectionView.swift; sourceTree = "<group>"; };
		1429F8FB2E8172E900E153A9 /* AboutSectionView.swift */ = {isa = PBXFileReference; lastKnownFileType = sourcecode.swift; path = AboutSectionView.swift; sourceTree = "<group>"; };
		147101182E815D3200090ACB /* Localized.swift */ = {isa = PBXFileReference; lastKnownFileType = sourcecode.swift; path = Localized.swift; sourceTree = "<group>"; };
		1471011B2E815EF700090ACB /* HapticsHelper.swift */ = {isa = PBXFileReference; lastKnownFileType = sourcecode.swift; path = HapticsHelper.swift; sourceTree = "<group>"; };
		1481943A2E6705B700F86D28 /* StatsCalculatorTests.swift */ = {isa = PBXFileReference; lastKnownFileType = sourcecode.swift; path = StatsCalculatorTests.swift; sourceTree = "<group>"; };
		1481943B2E6705B700F86D28 /* StepModelFetchTodayTests.swift */ = {isa = PBXFileReference; lastKnownFileType = sourcecode.swift; path = StepModelFetchTodayTests.swift; sourceTree = "<group>"; };
		1481943C2E6705B700F86D28 /* StepModelProgressTests.swift */ = {isa = PBXFileReference; lastKnownFileType = sourcecode.swift; path = StepModelProgressTests.swift; sourceTree = "<group>"; };
		1481943D2E6705B700F86D28 /* StepModelWeeklyLoadTests.swift */ = {isa = PBXFileReference; lastKnownFileType = sourcecode.swift; path = StepModelWeeklyLoadTests.swift; sourceTree = "<group>"; };
		148194432E6705D400F86D28 /* StepDataProvider.swift */ = {isa = PBXFileReference; lastKnownFileType = sourcecode.swift; path = StepDataProvider.swift; sourceTree = "<group>"; };
		1493B4B22E6700F200448945 /* NotificationManager.swift */ = {isa = PBXFileReference; lastKnownFileType = sourcecode.swift; path = NotificationManager.swift; sourceTree = "<group>"; };
		1493B4B32E6700F200448945 /* StatsCalculator.swift */ = {isa = PBXFileReference; lastKnownFileType = sourcecode.swift; path = StatsCalculator.swift; sourceTree = "<group>"; };
		1493B4B42E6700F200448945 /* StepModel.swift */ = {isa = PBXFileReference; lastKnownFileType = sourcecode.swift; path = StepModel.swift; sourceTree = "<group>"; };
		1493B4B62E6700F200448945 /* Preview Assets.xcassets */ = {isa = PBXFileReference; lastKnownFileType = folder.assetcatalog; path = "Preview Assets.xcassets"; sourceTree = "<group>"; };
		1493B4B82E6700F200448945 /* ContentView.swift */ = {isa = PBXFileReference; lastKnownFileType = sourcecode.swift; path = ContentView.swift; sourceTree = "<group>"; };
		1493B4B92E6700F200448945 /* MainView.swift */ = {isa = PBXFileReference; lastKnownFileType = sourcecode.swift; path = MainView.swift; sourceTree = "<group>"; };
		1493B4BA2E6700F200448945 /* SettingsView.swift */ = {isa = PBXFileReference; lastKnownFileType = sourcecode.swift; path = SettingsView.swift; sourceTree = "<group>"; };
		1493B4BB2E6700F200448945 /* StatsView.swift */ = {isa = PBXFileReference; lastKnownFileType = sourcecode.swift; path = StatsView.swift; sourceTree = "<group>"; };
		1493B4BD2E6700F200448945 /* Assets.xcassets */ = {isa = PBXFileReference; lastKnownFileType = folder.assetcatalog; path = Assets.xcassets; sourceTree = "<group>"; };
		1493B4BE2E6700F200448945 /* Info.plist */ = {isa = PBXFileReference; lastKnownFileType = text.plist.xml; path = Info.plist; sourceTree = "<group>"; };
		1493B4BF2E6700F200448945 /* Localizable.xcstrings */ = {isa = PBXFileReference; lastKnownFileType = text.json.xcstrings; path = Localizable.xcstrings; sourceTree = "<group>"; };
		1493B4C02E6700F200448945 /* StepsTracker.entitlements */ = {isa = PBXFileReference; lastKnownFileType = text.plist.entitlements; path = StepsTracker.entitlements; sourceTree = "<group>"; };
		1493B4C12E6700F200448945 /* StepsTrackerApp.swift */ = {isa = PBXFileReference; lastKnownFileType = sourcecode.swift; path = StepsTrackerApp.swift; sourceTree = "<group>"; };
		14CD16742E83FDF400A9B06B /* StepsTracker.app */ = {isa = PBXFileReference; explicitFileType = wrapper.application; includeInIndex = 0; path = StepsTracker.app; sourceTree = BUILT_PRODUCTS_DIR; };
		14CD16752E83FDF400A9B06B /* StepsTrackerTests.xctest */ = {isa = PBXFileReference; explicitFileType = wrapper.cfbundle; includeInIndex = 0; path = StepsTrackerTests.xctest; sourceTree = BUILT_PRODUCTS_DIR; };
		14DE8FF22E69B9FF0089F9C8 /* Color+Extension.swift */ = {isa = PBXFileReference; lastKnownFileType = sourcecode.swift; path = "Color+Extension.swift"; sourceTree = "<group>"; };
		14E744802E8159B300D2EAA7 /* DateFormatter+Extensions.swift */ = {isa = PBXFileReference; lastKnownFileType = sourcecode.swift; path = "DateFormatter+Extensions.swift"; sourceTree = "<group>"; };
		14E744812E8159B300D2EAA7 /* InteractiveChart.swift */ = {isa = PBXFileReference; lastKnownFileType = sourcecode.swift; path = InteractiveChart.swift; sourceTree = "<group>"; };
		14E744822E8159B300D2EAA7 /* SelectionCard.swift */ = {isa = PBXFileReference; lastKnownFileType = sourcecode.swift; path = SelectionCard.swift; sourceTree = "<group>"; };
		14E744832E8159B300D2EAA7 /* StatsSummary.swift */ = {isa = PBXFileReference; lastKnownFileType = sourcecode.swift; path = StatsSummary.swift; sourceTree = "<group>"; };
/* End PBXFileReference section */

/* Begin PBXFrameworksBuildPhase section */
		1493B4E42E67014100448945 /* Frameworks */ = {
			isa = PBXFrameworksBuildPhase;
			buildActionMask = 2147483647;
			files = (
			);
			runOnlyForDeploymentPostprocessing = 0;
		};
		14BBE5AB2DD6348C006E84A8 /* Frameworks */ = {
			isa = PBXFrameworksBuildPhase;
			buildActionMask = 2147483647;
			files = (
			);
			runOnlyForDeploymentPostprocessing = 0;
		};
/* End PBXFrameworksBuildPhase section */

/* Begin PBXGroup section */
		1429F8E72E8164A200E153A9 /* subviews */ = {
			isa = PBXGroup;
			children = (
				14E744812E8159B300D2EAA7 /* InteractiveChart.swift */,
				14E744822E8159B300D2EAA7 /* SelectionCard.swift */,
				14E744832E8159B300D2EAA7 /* StatsSummary.swift */,
			);
			path = subviews;
			sourceTree = "<group>";
		};
		1429F8EB2E8164CF00E153A9 /* subviews */ = {
			isa = PBXGroup;
			children = (
				1429F8EC2E8164DF00E153A9 /* DailyGoalView.swift */,
				1429F8E82E8164CA00E153A9 /* StepCounterView.swift */,
			);
			path = subviews;
			sourceTree = "<group>";
		};
		1429F8FE2E8172F300E153A9 /* subviews */ = {
			isa = PBXGroup;
			children = (
				1429F8F22E8172E500E153A9 /* GoalsSectionView.swift */,
				1429F8F52E8172E600E153A9 /* InformationSectionView.swift */,
				1429F8F82E8172E800E153A9 /* PrivacySectionView.swift */,
				1429F8FB2E8172E900E153A9 /* AboutSectionView.swift */,
			);
			path = subviews;
			sourceTree = "<group>";
		};
		1471011D2E815F4C00090ACB /* mainView */ = {
			isa = PBXGroup;
			children = (
				1429F8EB2E8164CF00E153A9 /* subviews */,
				1493B4B92E6700F200448945 /* MainView.swift */,
			);
			path = mainView;
			sourceTree = "<group>";
		};
		1471011E2E815F5200090ACB /* statsView */ = {
			isa = PBXGroup;
			children = (
				1429F8E72E8164A200E153A9 /* subviews */,
				1493B4BB2E6700F200448945 /* StatsView.swift */,
			);
			path = statsView;
			sourceTree = "<group>";
		};
		1471011F2E815F5C00090ACB /* settingsView */ = {
			isa = PBXGroup;
			children = (
				1429F8FE2E8172F300E153A9 /* subviews */,
				1493B4BA2E6700F200448945 /* SettingsView.swift */,
			);
			path = settingsView;
			sourceTree = "<group>";
		};
		1481943E2E6705B700F86D28 /* StepsTrackerTests */ = {
			isa = PBXGroup;
			children = (
				1481943A2E6705B700F86D28 /* StatsCalculatorTests.swift */,
				1481943B2E6705B700F86D28 /* StepModelFetchTodayTests.swift */,
				1481943C2E6705B700F86D28 /* StepModelProgressTests.swift */,
				1481943D2E6705B700F86D28 /* StepModelWeeklyLoadTests.swift */,
			);
			path = StepsTrackerTests;
			sourceTree = "<group>";
		};
		1493B4B52E6700F200448945 /* Model */ = {
			isa = PBXGroup;
			children = (
				1493B4B22E6700F200448945 /* NotificationManager.swift */,
				1493B4B32E6700F200448945 /* StatsCalculator.swift */,
				1493B4B42E6700F200448945 /* StepModel.swift */,
				148194432E6705D400F86D28 /* StepDataProvider.swift */,
			);
			path = Model;
			sourceTree = "<group>";
		};
		1493B4B72E6700F200448945 /* Preview Content */ = {
			isa = PBXGroup;
			children = (
				1493B4B62E6700F200448945 /* Preview Assets.xcassets */,
			);
			path = "Preview Content";
			sourceTree = "<group>";
		};
		1493B4BC2E6700F200448945 /* Views */ = {
			isa = PBXGroup;
			children = (
				1471011D2E815F4C00090ACB /* mainView */,
				1471011E2E815F5200090ACB /* statsView */,
				1471011F2E815F5C00090ACB /* settingsView */,
				1493B4B82E6700F200448945 /* ContentView.swift */,
			);
			path = Views;
			sourceTree = "<group>";
		};
		1493B4C22E6700F200448945 /* StepsTracker */ = {
			isa = PBXGroup;
			children = (
				14DE8FF12E69B9F30089F9C8 /* Core */,
				1493B4B52E6700F200448945 /* Model */,
				1493B4BC2E6700F200448945 /* Views */,
				1493B4B72E6700F200448945 /* Preview Content */,
				1493B4BD2E6700F200448945 /* Assets.xcassets */,
				1493B4BE2E6700F200448945 /* Info.plist */,
				1493B4BF2E6700F200448945 /* Localizable.xcstrings */,
				1493B4C02E6700F200448945 /* StepsTracker.entitlements */,
				1493B4C12E6700F200448945 /* StepsTrackerApp.swift */,
			);
			path = StepsTracker;
			sourceTree = "<group>";
		};
		14BBE5A52DD6348C006E84A8 = {
			isa = PBXGroup;
			children = (
				1493B4C22E6700F200448945 /* StepsTracker */,
				1481943E2E6705B700F86D28 /* StepsTrackerTests */,
				14CD16762E83FE1000A9B06B /* Products */,
			);
			sourceTree = "<group>";
		};
		14CD16762E83FE1000A9B06B /* Products */ = {
			isa = PBXGroup;
			children = (
				14CD16742E83FDF400A9B06B /* StepsTracker.app */,
				14CD16752E83FDF400A9B06B /* StepsTrackerTests.xctest */,
			);
			path = Products;
			sourceTree = "<group>";
		};
		14DE8FF12E69B9F30089F9C8 /* Core */ = {
			isa = PBXGroup;
			children = (
				14DE8FF22E69B9FF0089F9C8 /* Color+Extension.swift */,
				1471011B2E815EF700090ACB /* HapticsHelper.swift */,
				14E744802E8159B300D2EAA7 /* DateFormatter+Extensions.swift */,
				147101182E815D3200090ACB /* Localized.swift */,
			);
			path = Core;
			sourceTree = "<group>";
		};
/* End PBXGroup section */

/* Begin PBXNativeTarget section */
		1493B4E62E67014100448945 /* StepsTrackerTests */ = {
			isa = PBXNativeTarget;
			buildConfigurationList = 1493B4ED2E67014100448945 /* Build configuration list for PBXNativeTarget "StepsTrackerTests" */;
			buildPhases = (
				1493B4E32E67014100448945 /* Sources */,
				1493B4E42E67014100448945 /* Frameworks */,
				1493B4E52E67014100448945 /* Resources */,
			);
			buildRules = (
			);
			dependencies = (
				1493B4EC2E67014100448945 /* PBXTargetDependency */,
			);
			name = StepsTrackerTests;
			packageProductDependencies = (
			);
			productName = StepsTrackerTests;
			productReference = 14CD16752E83FDF400A9B06B /* StepsTrackerTests.xctest */;
			productType = "com.apple.product-type.bundle.unit-test";
		};
		14BBE5AD2DD6348C006E84A8 /* StepsTracker */ = {
			isa = PBXNativeTarget;
			buildConfigurationList = 14BBE5BC2DD6348D006E84A8 /* Build configuration list for PBXNativeTarget "StepsTracker" */;
			buildPhases = (
				14BBE5AA2DD6348C006E84A8 /* Sources */,
				14BBE5AB2DD6348C006E84A8 /* Frameworks */,
				14BBE5AC2DD6348C006E84A8 /* Resources */,
			);
			buildRules = (
			);
			dependencies = (
			);
			name = StepsTracker;
			packageProductDependencies = (
			);
			productName = StepsTracker;
			productReference = 14CD16742E83FDF400A9B06B /* StepsTracker.app */;
			productType = "com.apple.product-type.application";
		};
/* End PBXNativeTarget section */

/* Begin PBXProject section */
		14BBE5A62DD6348C006E84A8 /* Project object */ = {
			isa = PBXProject;
			attributes = {
				BuildIndependentTargetsInParallel = 1;
				LastSwiftUpdateCheck = 1620;
				LastUpgradeCheck = 2600;
				TargetAttributes = {
					1493B4E62E67014100448945 = {
						CreatedOnToolsVersion = 16.2;
						TestTargetID = 14BBE5AD2DD6348C006E84A8;
					};
					14BBE5AD2DD6348C006E84A8 = {
						CreatedOnToolsVersion = 16.2;
					};
				};
			};
			buildConfigurationList = 14BBE5A92DD6348C006E84A8 /* Build configuration list for PBXProject "StepsTracker" */;
			developmentRegion = en;
			hasScannedForEncodings = 0;
			knownRegions = (
				en,
				Base,
				es,
			);
			mainGroup = 14BBE5A52DD6348C006E84A8;
			minimizedProjectReferenceProxies = 1;
			preferredProjectObjectVersion = 77;
			productRefGroup = 14BBE5A52DD6348C006E84A8;
			projectDirPath = "";
			projectRoot = "";
			targets = (
				14BBE5AD2DD6348C006E84A8 /* StepsTracker */,
				1493B4E62E67014100448945 /* StepsTrackerTests */,
			);
		};
/* End PBXProject section */

/* Begin PBXResourcesBuildPhase section */
		1493B4E52E67014100448945 /* Resources */ = {
			isa = PBXResourcesBuildPhase;
			buildActionMask = 2147483647;
			files = (
			);
			runOnlyForDeploymentPostprocessing = 0;
		};
		14BBE5AC2DD6348C006E84A8 /* Resources */ = {
			isa = PBXResourcesBuildPhase;
			buildActionMask = 2147483647;
			files = (
				1493B4C32E6700F200448945 /* Preview Assets.xcassets in Resources */,
				1493B4C42E6700F200448945 /* Assets.xcassets in Resources */,
				1493B4C62E6700F200448945 /* Localizable.xcstrings in Resources */,
			);
			runOnlyForDeploymentPostprocessing = 0;
		};
/* End PBXResourcesBuildPhase section */

/* Begin PBXSourcesBuildPhase section */
		1493B4E32E67014100448945 /* Sources */ = {
			isa = PBXSourcesBuildPhase;
			buildActionMask = 2147483647;
			files = (
				148194452E6706F100F86D28 /* StepDataProvider.swift in Sources */,
				14DE8FF42E69BA030089F9C8 /* Color+Extension.swift in Sources */,
				1429F8FC2E8172E900E153A9 /* AboutSectionView.swift in Sources */,
				14E4B7382E670B26001929E8 /* StatsCalculator.swift in Sources */,
				14E4B7342E670A5D001929E8 /* StepModel.swift in Sources */,
				1481943F2E6705B700F86D28 /* StatsCalculatorTests.swift in Sources */,
				148194402E6705B700F86D28 /* StepModelFetchTodayTests.swift in Sources */,
				14E744892E8159B300D2EAA7 /* InteractiveChart.swift in Sources */,
				14E7448A2E8159B300D2EAA7 /* StatsSummary.swift in Sources */,
				14E7448B2E8159B300D2EAA7 /* SelectionCard.swift in Sources */,
				1429F8FA2E8172E800E153A9 /* PrivacySectionView.swift in Sources */,
				14E7448C2E8159B300D2EAA7 /* DateFormatter+Extensions.swift in Sources */,
				1429F8FF2E8173CD00E153A9 /* HapticsHelper.swift in Sources */,
				1471011A2E815D3200090ACB /* Localized.swift in Sources */,
				1429F8F62E8172E600E153A9 /* InformationSectionView.swift in Sources */,
				14E4B7362E670B05001929E8 /* StepsTrackerApp.swift in Sources */,
				14E4B7372E670B17001929E8 /* ContentView.swift in Sources */,
				14E4B7392E670B31001929E8 /* MainView.swift in Sources */,
				14E4B7352E670AEF001929E8 /* NotificationManager.swift in Sources */,
				1429F8EE2E8164DF00E153A9 /* DailyGoalView.swift in Sources */,
				1429F8E92E8164CA00E153A9 /* StepCounterView.swift in Sources */,
				14E4B73B2E670B3B001929E8 /* StatsView.swift in Sources */,
				14E4B73A2E670B36001929E8 /* SettingsView.swift in Sources */,
				148194412E6705B700F86D28 /* StepModelProgressTests.swift in Sources */,
				148194422E6705B700F86D28 /* StepModelWeeklyLoadTests.swift in Sources */,
				1429F8F42E8172E500E153A9 /* GoalsSectionView.swift in Sources */,
			);
			runOnlyForDeploymentPostprocessing = 0;
		};
		14BBE5AA2DD6348C006E84A8 /* Sources */ = {
			isa = PBXSourcesBuildPhase;
			buildActionMask = 2147483647;
			files = (
				1493B4C72E6700F200448945 /* NotificationManager.swift in Sources */,
				14DE8FF32E69BA030089F9C8 /* Color+Extension.swift in Sources */,
				1429F8F32E8172E500E153A9 /* GoalsSectionView.swift in Sources */,
				1429F8F92E8172E800E153A9 /* PrivacySectionView.swift in Sources */,
				1493B4C82E6700F200448945 /* StatsCalculator.swift in Sources */,
				1493B4C92E6700F200448945 /* StepModel.swift in Sources */,
				148194442E6705D400F86D28 /* StepDataProvider.swift in Sources */,
				1493B4CA2E6700F200448945 /* ContentView.swift in Sources */,
				14E744852E8159B300D2EAA7 /* InteractiveChart.swift in Sources */,
				14E744862E8159B300D2EAA7 /* StatsSummary.swift in Sources */,
				14E744872E8159B300D2EAA7 /* SelectionCard.swift in Sources */,
				1429F8EA2E8164CA00E153A9 /* StepCounterView.swift in Sources */,
				1429F8FD2E8172E900E153A9 /* AboutSectionView.swift in Sources */,
				14E744882E8159B300D2EAA7 /* DateFormatter+Extensions.swift in Sources */,
				1429F8E62E81609B00E153A9 /* HapticsHelper.swift in Sources */,
				147101192E815D3200090ACB /* Localized.swift in Sources */,
				1493B4CB2E6700F200448945 /* MainView.swift in Sources */,
				1493B4CC2E6700F200448945 /* SettingsView.swift in Sources */,
				1429F8ED2E8164DF00E153A9 /* DailyGoalView.swift in Sources */,
				1429F8F72E8172E600E153A9 /* InformationSectionView.swift in Sources */,
				1493B4CD2E6700F200448945 /* StatsView.swift in Sources */,
				1493B4CE2E6700F200448945 /* StepsTrackerApp.swift in Sources */,
			);
			runOnlyForDeploymentPostprocessing = 0;
		};
/* End PBXSourcesBuildPhase section */

/* Begin PBXTargetDependency section */
		1493B4EC2E67014100448945 /* PBXTargetDependency */ = {
			isa = PBXTargetDependency;
			target = 14BBE5AD2DD6348C006E84A8 /* StepsTracker */;
			targetProxy = 1493B4EB2E67014100448945 /* PBXContainerItemProxy */;
		};
/* End PBXTargetDependency section */

/* Begin XCBuildConfiguration section */
		1493B4EE2E67014100448945 /* Debug */ = {
			isa = XCBuildConfiguration;
			buildSettings = {
				BUNDLE_LOADER = "$(TEST_HOST)";
				CODE_SIGN_STYLE = Automatic;
				CURRENT_PROJECT_VERSION = 1;
				GENERATE_INFOPLIST_FILE = YES;
				MARKETING_VERSION = 1.0;
				PRODUCT_BUNDLE_IDENTIFIER = josemalagon.es.StepsTrackerTests;
				PRODUCT_NAME = "$(TARGET_NAME)";
				SWIFT_EMIT_LOC_STRINGS = NO;
				SWIFT_VERSION = 5.0;
				TARGETED_DEVICE_FAMILY = "1,2";
				TEST_HOST = "$(BUILT_PRODUCTS_DIR)/StepsTracker.app/$(BUNDLE_EXECUTABLE_FOLDER_PATH)/StepsTracker";
			};
			name = Debug;
		};
		1493B4EF2E67014100448945 /* Release */ = {
			isa = XCBuildConfiguration;
			buildSettings = {
				BUNDLE_LOADER = "$(TEST_HOST)";
				CODE_SIGN_STYLE = Automatic;
				CURRENT_PROJECT_VERSION = 1;
				GENERATE_INFOPLIST_FILE = YES;
				MARKETING_VERSION = 1.0;
				PRODUCT_BUNDLE_IDENTIFIER = josemalagon.es.StepsTrackerTests;
				PRODUCT_NAME = "$(TARGET_NAME)";
				SWIFT_EMIT_LOC_STRINGS = NO;
				SWIFT_VERSION = 5.0;
				TARGETED_DEVICE_FAMILY = "1,2";
				TEST_HOST = "$(BUILT_PRODUCTS_DIR)/StepsTracker.app/$(BUNDLE_EXECUTABLE_FOLDER_PATH)/StepsTracker";
			};
			name = Release;
		};
		14BBE5BA2DD6348D006E84A8 /* Debug */ = {
			isa = XCBuildConfiguration;
			buildSettings = {
				ALWAYS_SEARCH_USER_PATHS = NO;
				ASSETCATALOG_COMPILER_GENERATE_SWIFT_ASSET_SYMBOL_EXTENSIONS = YES;
				CLANG_ANALYZER_LOCALIZABILITY_NONLOCALIZED = YES;
				CLANG_ANALYZER_NONNULL = YES;
				CLANG_ANALYZER_NUMBER_OBJECT_CONVERSION = YES_AGGRESSIVE;
				CLANG_CXX_LANGUAGE_STANDARD = "gnu++20";
				CLANG_ENABLE_MODULES = YES;
				CLANG_ENABLE_OBJC_ARC = YES;
				CLANG_ENABLE_OBJC_WEAK = YES;
				CLANG_WARN_BLOCK_CAPTURE_AUTORELEASING = YES;
				CLANG_WARN_BOOL_CONVERSION = YES;
				CLANG_WARN_COMMA = YES;
				CLANG_WARN_CONSTANT_CONVERSION = YES;
				CLANG_WARN_DEPRECATED_OBJC_IMPLEMENTATIONS = YES;
				CLANG_WARN_DIRECT_OBJC_ISA_USAGE = YES_ERROR;
				CLANG_WARN_DOCUMENTATION_COMMENTS = YES;
				CLANG_WARN_EMPTY_BODY = YES;
				CLANG_WARN_ENUM_CONVERSION = YES;
				CLANG_WARN_INFINITE_RECURSION = YES;
				CLANG_WARN_INT_CONVERSION = YES;
				CLANG_WARN_NON_LITERAL_NULL_CONVERSION = YES;
				CLANG_WARN_OBJC_IMPLICIT_RETAIN_SELF = YES;
				CLANG_WARN_OBJC_LITERAL_CONVERSION = YES;
				CLANG_WARN_OBJC_ROOT_CLASS = YES_ERROR;
				CLANG_WARN_QUOTED_INCLUDE_IN_FRAMEWORK_HEADER = YES;
				CLANG_WARN_RANGE_LOOP_ANALYSIS = YES;
				CLANG_WARN_STRICT_PROTOTYPES = YES;
				CLANG_WARN_SUSPICIOUS_MOVE = YES;
				CLANG_WARN_UNGUARDED_AVAILABILITY = YES_AGGRESSIVE;
				CLANG_WARN_UNREACHABLE_CODE = YES;
				CLANG_WARN__DUPLICATE_METHOD_MATCH = YES;
				COPY_PHASE_STRIP = NO;
				DEBUG_INFORMATION_FORMAT = dwarf;
				DEVELOPMENT_TEAM = LW9DHQ8252;
				ENABLE_STRICT_OBJC_MSGSEND = YES;
				ENABLE_TESTABILITY = YES;
				ENABLE_USER_SCRIPT_SANDBOXING = YES;
				GCC_C_LANGUAGE_STANDARD = gnu17;
				GCC_DYNAMIC_NO_PIC = NO;
				GCC_NO_COMMON_BLOCKS = YES;
				GCC_OPTIMIZATION_LEVEL = 0;
				GCC_PREPROCESSOR_DEFINITIONS = (
					"DEBUG=1",
					"$(inherited)",
				);
				GCC_WARN_64_TO_32_BIT_CONVERSION = YES;
				GCC_WARN_ABOUT_RETURN_TYPE = YES_ERROR;
				GCC_WARN_UNDECLARED_SELECTOR = YES;
				GCC_WARN_UNINITIALIZED_AUTOS = YES_AGGRESSIVE;
				GCC_WARN_UNUSED_FUNCTION = YES;
				GCC_WARN_UNUSED_VARIABLE = YES;
				IPHONEOS_DEPLOYMENT_TARGET = 18.2;
				LOCALIZATION_PREFERS_STRING_CATALOGS = YES;
				MTL_ENABLE_DEBUG_INFO = INCLUDE_SOURCE;
				MTL_FAST_MATH = YES;
				ONLY_ACTIVE_ARCH = YES;
				SDKROOT = iphoneos;
				STRING_CATALOG_GENERATE_SYMBOLS = YES;
				SWIFT_ACTIVE_COMPILATION_CONDITIONS = "DEBUG $(inherited)";
				SWIFT_OPTIMIZATION_LEVEL = "-Onone";
			};
			name = Debug;
		};
		14BBE5BB2DD6348D006E84A8 /* Release */ = {
			isa = XCBuildConfiguration;
			buildSettings = {
				ALWAYS_SEARCH_USER_PATHS = NO;
				ASSETCATALOG_COMPILER_GENERATE_SWIFT_ASSET_SYMBOL_EXTENSIONS = YES;
				CLANG_ANALYZER_LOCALIZABILITY_NONLOCALIZED = YES;
				CLANG_ANALYZER_NONNULL = YES;
				CLANG_ANALYZER_NUMBER_OBJECT_CONVERSION = YES_AGGRESSIVE;
				CLANG_CXX_LANGUAGE_STANDARD = "gnu++20";
				CLANG_ENABLE_MODULES = YES;
				CLANG_ENABLE_OBJC_ARC = YES;
				CLANG_ENABLE_OBJC_WEAK = YES;
				CLANG_WARN_BLOCK_CAPTURE_AUTORELEASING = YES;
				CLANG_WARN_BOOL_CONVERSION = YES;
				CLANG_WARN_COMMA = YES;
				CLANG_WARN_CONSTANT_CONVERSION = YES;
				CLANG_WARN_DEPRECATED_OBJC_IMPLEMENTATIONS = YES;
				CLANG_WARN_DIRECT_OBJC_ISA_USAGE = YES_ERROR;
				CLANG_WARN_DOCUMENTATION_COMMENTS = YES;
				CLANG_WARN_EMPTY_BODY = YES;
				CLANG_WARN_ENUM_CONVERSION = YES;
				CLANG_WARN_INFINITE_RECURSION = YES;
				CLANG_WARN_INT_CONVERSION = YES;
				CLANG_WARN_NON_LITERAL_NULL_CONVERSION = YES;
				CLANG_WARN_OBJC_IMPLICIT_RETAIN_SELF = YES;
				CLANG_WARN_OBJC_LITERAL_CONVERSION = YES;
				CLANG_WARN_OBJC_ROOT_CLASS = YES_ERROR;
				CLANG_WARN_QUOTED_INCLUDE_IN_FRAMEWORK_HEADER = YES;
				CLANG_WARN_RANGE_LOOP_ANALYSIS = YES;
				CLANG_WARN_STRICT_PROTOTYPES = YES;
				CLANG_WARN_SUSPICIOUS_MOVE = YES;
				CLANG_WARN_UNGUARDED_AVAILABILITY = YES_AGGRESSIVE;
				CLANG_WARN_UNREACHABLE_CODE = YES;
				CLANG_WARN__DUPLICATE_METHOD_MATCH = YES;
				COPY_PHASE_STRIP = NO;
				DEBUG_INFORMATION_FORMAT = "dwarf-with-dsym";
				DEVELOPMENT_TEAM = LW9DHQ8252;
				ENABLE_NS_ASSERTIONS = NO;
				ENABLE_STRICT_OBJC_MSGSEND = YES;
				ENABLE_USER_SCRIPT_SANDBOXING = YES;
				GCC_C_LANGUAGE_STANDARD = gnu17;
				GCC_NO_COMMON_BLOCKS = YES;
				GCC_WARN_64_TO_32_BIT_CONVERSION = YES;
				GCC_WARN_ABOUT_RETURN_TYPE = YES_ERROR;
				GCC_WARN_UNDECLARED_SELECTOR = YES;
				GCC_WARN_UNINITIALIZED_AUTOS = YES_AGGRESSIVE;
				GCC_WARN_UNUSED_FUNCTION = YES;
				GCC_WARN_UNUSED_VARIABLE = YES;
				IPHONEOS_DEPLOYMENT_TARGET = 18.2;
				LOCALIZATION_PREFERS_STRING_CATALOGS = YES;
				MTL_ENABLE_DEBUG_INFO = NO;
				MTL_FAST_MATH = YES;
				SDKROOT = iphoneos;
				STRING_CATALOG_GENERATE_SYMBOLS = YES;
				SWIFT_COMPILATION_MODE = wholemodule;
				VALIDATE_PRODUCT = YES;
			};
			name = Release;
		};
		14BBE5BD2DD6348D006E84A8 /* Debug */ = {
			isa = XCBuildConfiguration;
			buildSettings = {
				ASSETCATALOG_COMPILER_APPICON_NAME = AppIcon;
				ASSETCATALOG_COMPILER_GLOBAL_ACCENT_COLOR_NAME = AccentColor;
				CODE_SIGN_ENTITLEMENTS = StepsTracker/StepsTracker.entitlements;
				CODE_SIGN_STYLE = Automatic;
				CURRENT_PROJECT_VERSION = 2;
				DEVELOPMENT_ASSET_PATHS = "\"StepsTracker/Preview Content\"";
				ENABLE_PREVIEWS = YES;
				GENERATE_INFOPLIST_FILE = YES;
				INFOPLIST_FILE = StepsTracker/Info.plist;
				INFOPLIST_KEY_NSHealthShareUsageDescription = "This app needs access to your step data to show your daily progress.";
				INFOPLIST_KEY_NSHealthUpdateUsageDescription = "This application needs access to update your step data.";
				INFOPLIST_KEY_UIApplicationSceneManifest_Generation = YES;
				INFOPLIST_KEY_UIApplicationSupportsIndirectInputEvents = YES;
				INFOPLIST_KEY_UILaunchScreen_Generation = YES;
				INFOPLIST_KEY_UISupportedInterfaceOrientations_iPad = "UIInterfaceOrientationPortrait UIInterfaceOrientationPortraitUpsideDown UIInterfaceOrientationLandscapeLeft UIInterfaceOrientationLandscapeRight";
				INFOPLIST_KEY_UISupportedInterfaceOrientations_iPhone = "UIInterfaceOrientationPortrait UIInterfaceOrientationLandscapeLeft UIInterfaceOrientationLandscapeRight";
				LD_RUNPATH_SEARCH_PATHS = (
					"$(inherited)",
					"@executable_path/Frameworks",
				);
				MARKETING_VERSION = 1.0;
				PRODUCT_BUNDLE_IDENTIFIER = josemalagon.es.StepsTracker;
				PRODUCT_NAME = "$(TARGET_NAME)";
				SWIFT_EMIT_LOC_STRINGS = YES;
				SWIFT_VERSION = 5.0;
				TARGETED_DEVICE_FAMILY = "1,2";
			};
			name = Debug;
		};
		14BBE5BE2DD6348D006E84A8 /* Release */ = {
			isa = XCBuildConfiguration;
			buildSettings = {
				ASSETCATALOG_COMPILER_APPICON_NAME = AppIcon;
				ASSETCATALOG_COMPILER_GLOBAL_ACCENT_COLOR_NAME = AccentColor;
				CODE_SIGN_ENTITLEMENTS = StepsTracker/StepsTracker.entitlements;
				CODE_SIGN_STYLE = Automatic;
				CURRENT_PROJECT_VERSION = 2;
				DEVELOPMENT_ASSET_PATHS = "\"StepsTracker/Preview Content\"";
				ENABLE_PREVIEWS = YES;
				GENERATE_INFOPLIST_FILE = YES;
				INFOPLIST_FILE = StepsTracker/Info.plist;
				INFOPLIST_KEY_NSHealthShareUsageDescription = "This app needs access to your step data to show your daily progress.";
				INFOPLIST_KEY_NSHealthUpdateUsageDescription = "This application needs access to update your step data.";
				INFOPLIST_KEY_UIApplicationSceneManifest_Generation = YES;
				INFOPLIST_KEY_UIApplicationSupportsIndirectInputEvents = YES;
				INFOPLIST_KEY_UILaunchScreen_Generation = YES;
				INFOPLIST_KEY_UISupportedInterfaceOrientations_iPad = "UIInterfaceOrientationPortrait UIInterfaceOrientationPortraitUpsideDown UIInterfaceOrientationLandscapeLeft UIInterfaceOrientationLandscapeRight";
				INFOPLIST_KEY_UISupportedInterfaceOrientations_iPhone = "UIInterfaceOrientationPortrait UIInterfaceOrientationLandscapeLeft UIInterfaceOrientationLandscapeRight";
				LD_RUNPATH_SEARCH_PATHS = (
					"$(inherited)",
					"@executable_path/Frameworks",
				);
				MARKETING_VERSION = 1.0;
				PRODUCT_BUNDLE_IDENTIFIER = josemalagon.es.StepsTracker;
				PRODUCT_NAME = "$(TARGET_NAME)";
				SWIFT_EMIT_LOC_STRINGS = YES;
				SWIFT_VERSION = 5.0;
				TARGETED_DEVICE_FAMILY = "1,2";
			};
			name = Release;
		};
/* End XCBuildConfiguration section */

/* Begin XCConfigurationList section */
		1493B4ED2E67014100448945 /* Build configuration list for PBXNativeTarget "StepsTrackerTests" */ = {
			isa = XCConfigurationList;
			buildConfigurations = (
				1493B4EE2E67014100448945 /* Debug */,
				1493B4EF2E67014100448945 /* Release */,
			);
			defaultConfigurationIsVisible = 0;
			defaultConfigurationName = Release;
		};
		14BBE5A92DD6348C006E84A8 /* Build configuration list for PBXProject "StepsTracker" */ = {
			isa = XCConfigurationList;
			buildConfigurations = (
				14BBE5BA2DD6348D006E84A8 /* Debug */,
				14BBE5BB2DD6348D006E84A8 /* Release */,
			);
			defaultConfigurationIsVisible = 0;
			defaultConfigurationName = Release;
		};
		14BBE5BC2DD6348D006E84A8 /* Build configuration list for PBXNativeTarget "StepsTracker" */ = {
			isa = XCConfigurationList;
			buildConfigurations = (
				14BBE5BD2DD6348D006E84A8 /* Debug */,
				14BBE5BE2DD6348D006E84A8 /* Release */,
			);
			defaultConfigurationIsVisible = 0;
			defaultConfigurationName = Release;
		};
/* End XCConfigurationList section */
	};
	rootObject = 14BBE5A62DD6348C006E84A8 /* Project object */;
}
